PODS:
  - ACPods (0.0.5):
    - IronSourceSDK
    - Momento_iOS
  - IronSourceSDK (7.5.0.0)
  - Momento_iOS (1.0.4)

DEPENDENCIES:
  - ACPods (from `../`)
  - IronSourceSDK

SPEC REPOS:
  https://github.com/CocoaPods/Specs.git:
    - IronSourceSDK
    - Momento_iOS

EXTERNAL SOURCES:
  ACPods:
    :path: "../"

SPEC CHECKSUMS:
  ACPods: 84dec884eca5b1a213afbcf66a0082009f7e7a1d
  IronSourceSDK: e1fdf5a47699558742d0baaa70ca6f508e0fa786
  Momento_iOS: 98373c1fb28df9057d0c29143d23eec72c675482

PODFILE CHECKSUM: 15baafd4be4c6fa15a9ca9aad2c1a9d7147e503f

COCOAPODS: 1.12.1
